# This file was autogenerated by uv via the following command:
#    uv pip compile deploy/retrieval-models/requirements.in --python-platform x86_64-manylinux_2_28 --python-version 3.11 --index-strategy unsafe-best-match --output-file deploy/retrieval-models/requirements.lock
accelerate==1.14.0
    # via
    #   flagembedding
    #   peft
aiohappyeyeballs==2.7.1
    # via aiohttp
aiohttp==3.14.1
    # via fsspec
aiosignal==1.4.0
    # via aiohttp
annotated-doc==0.0.4
    # via fastapi
annotated-types==0.7.0
    # via pydantic
anyio==4.14.1
    # via
    #   httpx
    #   starlette
attrs==26.1.0
    # via aiohttp
certifi==2026.6.17
    # via
    #   httpcore
    #   httpx
    #   requests
charset-normalizer==3.4.7
    # via requests
click==8.4.2
    # via uvicorn
cuda-bindings==12.9.4
    # via torch
cuda-pathfinder==1.5.6
    # via cuda-bindings
datasets==5.0.0
    # via flagembedding
dill==0.4.1
    # via
    #   datasets
    #   multiprocess
fastapi==0.139.0
    # via -r deploy/retrieval-models/requirements.in
filelock==3.29.5
    # via
    #   datasets
    #   huggingface-hub
    #   torch
    #   transformers
flagembedding==1.3.5
    # via -r deploy/retrieval-models/requirements.in
frozenlist==1.8.0
    # via
    #   aiohttp
    #   aiosignal
fsspec==2026.4.0
    # via
    #   datasets
    #   huggingface-hub
    #   torch
h11==0.16.0
    # via
    #   httpcore
    #   uvicorn
hf-xet==1.5.1
    # via huggingface-hub
httpcore==1.0.9
    # via httpx
httpx==0.28.1
    # via datasets
huggingface-hub==0.36.0
    # via
    #   -r deploy/retrieval-models/requirements.in
    #   accelerate
    #   datasets
    #   peft
    #   sentence-transformers
    #   tokenizers
    #   transformers
idna==3.18
    # via
    #   anyio
    #   httpx
    #   requests
    #   yarl
ir-datasets==0.6.1
    # via flagembedding
jinja2==3.1.6
    # via torch
joblib==1.5.3
    # via scikit-learn
lxml==6.1.1
    # via ir-datasets
lz4==4.4.5
    # via ir-datasets
markupsafe==3.0.3
    # via jinja2
mpmath==1.3.0
    # via sympy
multidict==6.7.1
    # via
    #   aiohttp
    #   yarl
multiprocess==0.70.19
    # via datasets
narwhals==2.23.0
    # via scikit-learn
networkx==3.6.1
    # via torch
numpy==2.4.6
    # via
    #   accelerate
    #   datasets
    #   ir-datasets
    #   pandas
    #   peft
    #   scikit-learn
    #   scipy
    #   sentence-transformers
    #   transformers
nvidia-cublas-cu12==12.8.4.1
    # via
    #   nvidia-cudnn-cu12
    #   nvidia-cusolver-cu12
    #   torch
nvidia-cuda-cupti-cu12==12.8.90
    # via torch
nvidia-cuda-nvrtc-cu12==12.8.93
    # via torch
nvidia-cuda-runtime-cu12==12.8.90
    # via torch
nvidia-cudnn-cu12==9.10.2.21
    # via torch
nvidia-cufft-cu12==11.3.3.83
    # via torch
nvidia-cufile-cu12==1.13.1.3
    # via torch
nvidia-curand-cu12==10.3.9.90
    # via torch
nvidia-cusolver-cu12==11.7.3.90
    # via torch
nvidia-cusparse-cu12==12.5.8.93
    # via
    #   nvidia-cusolver-cu12
    #   torch
nvidia-cusparselt-cu12==0.7.1
    # via torch
nvidia-nccl-cu12==2.27.5
    # via torch
nvidia-nvjitlink-cu12==12.8.93
    # via
    #   nvidia-cufft-cu12
    #   nvidia-cusolver-cu12
    #   nvidia-cusparse-cu12
    #   torch
nvidia-nvshmem-cu12==3.4.5
    # via torch
nvidia-nvtx-cu12==12.8.90
    # via torch
packaging==26.2
    # via
    #   accelerate
    #   datasets
    #   huggingface-hub
    #   peft
    #   transformers
pandas==3.0.3
    # via datasets
peft==0.19.1
    # via flagembedding
propcache==0.5.2
    # via
    #   aiohttp
    #   yarl
protobuf==7.35.1
    # via flagembedding
psutil==7.2.2
    # via
    #   accelerate
    #   peft
pyarrow==24.0.0
    # via datasets
pydantic==2.13.4
    # via fastapi
pydantic-core==2.46.4
    # via pydantic
python-dateutil==2.9.0.post0
    # via pandas
pyyaml==6.0.3
    # via
    #   accelerate
    #   datasets
    #   huggingface-hub
    #   ir-datasets
    #   peft
    #   transformers
regex==2026.6.28
    # via transformers
requests==2.34.2
    # via
    #   datasets
    #   huggingface-hub
    #   ir-datasets
    #   transformers
safetensors==0.8.0
    # via
    #   accelerate
    #   peft
    #   transformers
scikit-learn==1.9.0
    # via sentence-transformers
scipy==1.17.1
    # via
    #   scikit-learn
    #   sentence-transformers
sentence-transformers==5.6.0
    # via flagembedding
sentencepiece==0.2.1
    # via flagembedding
six==1.17.0
    # via python-dateutil
starlette==1.3.1
    # via fastapi
sympy==1.14.0
    # via torch
threadpoolctl==3.6.0
    # via scikit-learn
tokenizers==0.22.2
    # via transformers
torch==2.10.0+cu128
    # via
    #   -r deploy/retrieval-models/requirements.in
    #   accelerate
    #   flagembedding
    #   peft
    #   sentence-transformers
tqdm==4.68.3
    # via
    #   datasets
    #   huggingface-hub
    #   ir-datasets
    #   peft
    #   sentence-transformers
    #   transformers
transformers==4.57.6
    # via
    #   flagembedding
    #   peft
    #   sentence-transformers
triton==3.6.0
    # via torch
typing-extensions==4.16.0
    # via
    #   aiohttp
    #   aiosignal
    #   anyio
    #   fastapi
    #   huggingface-hub
    #   pydantic
    #   pydantic-core
    #   sentence-transformers
    #   starlette
    #   torch
    #   typing-inspection
typing-inspection==0.4.2
    # via
    #   fastapi
    #   pydantic
urllib3==2.7.0
    # via requests
uvicorn==0.49.0
    # via -r deploy/retrieval-models/requirements.in
xxhash==3.8.1
    # via datasets
yarl==1.24.2
    # via aiohttp
